
Microsoft Visual Studio Solution File, Format Version 10.00
# Visual Studio 2008
Project("{FAE04EC0-301F-11D3-BF4B-00C04F79EFBC}") = "Dothan", "..\00 Framework Layer\Dothan\Dothan.csproj", "{A87513BD-E0C4-4FAE-851F-1B5BBEF5171E}"
EndProject
Project("{FAE04EC0-301F-11D3-BF4B-00C04F79EFBC}") = "Dothan.Library", "..\01 Business Layer\Dothan.Library\Dothan.Library.csproj", "{F722F019-4688-4B28-BAE9-BE1E1066D003}"
EndProject
Project("{FAE04EC0-301F-11D3-BF4B-00C04F79EFBC}") = "LandWin.Report", "..\01 Business Layer\LandWin.Report\LandWin.Report.csproj", "{DC71C47B-139A-49C3-8091-D308F0A47BAC}"
EndProject
Project("{FAE04EC0-301F-11D3-BF4B-00C04F79EFBC}") = "LandWin", "..\02 Presentation Layer\Landwin\LandWin.csproj", "{F646E198-1A8E-4C07-ACE5-C2262FAA53FF}"
EndProject
Project("{E24C65DC-7377-472B-9ABA-BC803B73C61A}") = "HarvestWeb", "..\..\HarvestWeb\", "{0A1558D1-B310-4E38-8C83-7B9C950F7E9C}"
	ProjectSection(WebsiteProperties) = preProject
		TargetFramework = "3.5"
		Debug.AspNetCompiler.VirtualPath = "/HarvestWeb"
		Debug.AspNetCompiler.PhysicalPath = "..\..\HarvestWeb\"
		Debug.AspNetCompiler.TargetPath = "PrecompiledWeb\HarvestWeb\"
		Debug.AspNetCompiler.Updateable = "true"
		Debug.AspNetCompiler.ForceOverwrite = "true"
		Debug.AspNetCompiler.FixedNames = "false"
		Debug.AspNetCompiler.Debug = "True"
		Release.AspNetCompiler.VirtualPath = "/HarvestWeb"
		Release.AspNetCompiler.PhysicalPath = "..\..\HarvestWeb\"
		Release.AspNetCompiler.TargetPath = "PrecompiledWeb\HarvestWeb\"
		Release.AspNetCompiler.Updateable = "true"
		Release.AspNetCompiler.ForceOverwrite = "true"
		Release.AspNetCompiler.FixedNames = "false"
		Release.AspNetCompiler.Debug = "False"
		VWDPort = "51636"
	EndProjectSection
EndProject
Global
	GlobalSection(SolutionConfigurationPlatforms) = preSolution
		Debug|Any CPU = Debug|Any CPU
		Debug|x86 = Debug|x86
		Release|Any CPU = Release|Any CPU
		Release|x86 = Release|x86
	EndGlobalSection
	GlobalSection(ProjectConfigurationPlatforms) = postSolution
		{A87513BD-E0C4-4FAE-851F-1B5BBEF5171E}.Debug|Any CPU.ActiveCfg = Debug|Any CPU
		{A87513BD-E0C4-4FAE-851F-1B5BBEF5171E}.Debug|Any CPU.Build.0 = Debug|Any CPU
		{A87513BD-E0C4-4FAE-851F-1B5BBEF5171E}.Debug|x86.ActiveCfg = Debug|Any CPU
		{A87513BD-E0C4-4FAE-851F-1B5BBEF5171E}.Release|Any CPU.ActiveCfg = Release|Any CPU
		{A87513BD-E0C4-4FAE-851F-1B5BBEF5171E}.Release|Any CPU.Build.0 = Release|Any CPU
		{A87513BD-E0C4-4FAE-851F-1B5BBEF5171E}.Release|x86.ActiveCfg = Release|Any CPU
		{F722F019-4688-4B28-BAE9-BE1E1066D003}.Debug|Any CPU.ActiveCfg = Debug|Any CPU
		{F722F019-4688-4B28-BAE9-BE1E1066D003}.Debug|Any CPU.Build.0 = Debug|Any CPU
		{F722F019-4688-4B28-BAE9-BE1E1066D003}.Debug|x86.ActiveCfg = Debug|Any CPU
		{F722F019-4688-4B28-BAE9-BE1E1066D003}.Release|Any CPU.ActiveCfg = Release|Any CPU
		{F722F019-4688-4B28-BAE9-BE1E1066D003}.Release|Any CPU.Build.0 = Release|Any CPU
		{F722F019-4688-4B28-BAE9-BE1E1066D003}.Release|x86.ActiveCfg = Release|Any CPU
		{DC71C47B-139A-49C3-8091-D308F0A47BAC}.Debug|Any CPU.ActiveCfg = Debug|Any CPU
		{DC71C47B-139A-49C3-8091-D308F0A47BAC}.Debug|Any CPU.Build.0 = Debug|Any CPU
		{DC71C47B-139A-49C3-8091-D308F0A47BAC}.Debug|x86.ActiveCfg = Debug|Any CPU
		{DC71C47B-139A-49C3-8091-D308F0A47BAC}.Release|Any CPU.ActiveCfg = Release|Any CPU
		{DC71C47B-139A-49C3-8091-D308F0A47BAC}.Release|Any CPU.Build.0 = Release|Any CPU
		{DC71C47B-139A-49C3-8091-D308F0A47BAC}.Release|x86.ActiveCfg = Release|Any CPU
		{F646E198-1A8E-4C07-ACE5-C2262FAA53FF}.Debug|Any CPU.ActiveCfg = Debug|Any CPU
		{F646E198-1A8E-4C07-ACE5-C2262FAA53FF}.Debug|Any CPU.Build.0 = Debug|Any CPU
		{F646E198-1A8E-4C07-ACE5-C2262FAA53FF}.Debug|x86.ActiveCfg = Debug|x86
		{F646E198-1A8E-4C07-ACE5-C2262FAA53FF}.Debug|x86.Build.0 = Debug|x86
		{F646E198-1A8E-4C07-ACE5-C2262FAA53FF}.Release|Any CPU.ActiveCfg = Release|Any CPU
		{F646E198-1A8E-4C07-ACE5-C2262FAA53FF}.Release|Any CPU.Build.0 = Release|Any CPU
		{F646E198-1A8E-4C07-ACE5-C2262FAA53FF}.Release|x86.ActiveCfg = Release|x86
		{F646E198-1A8E-4C07-ACE5-C2262FAA53FF}.Release|x86.Build.0 = Release|x86
		{0A1558D1-B310-4E38-8C83-7B9C950F7E9C}.Debug|Any CPU.ActiveCfg = Debug|Any CPU
		{0A1558D1-B310-4E38-8C83-7B9C950F7E9C}.Debug|Any CPU.Build.0 = Debug|Any CPU
		{0A1558D1-B310-4E38-8C83-7B9C950F7E9C}.Debug|x86.ActiveCfg = Debug|Any CPU
		{0A1558D1-B310-4E38-8C83-7B9C950F7E9C}.Release|Any CPU.ActiveCfg = Debug|Any CPU
		{0A1558D1-B310-4E38-8C83-7B9C950F7E9C}.Release|Any CPU.Build.0 = Debug|Any CPU
		{0A1558D1-B310-4E38-8C83-7B9C950F7E9C}.Release|x86.ActiveCfg = Debug|Any CPU
	EndGlobalSection
	GlobalSection(SolutionProperties) = preSolution
		HideSolutionNode = FALSE
	EndGlobalSection
EndGlobal
